{
  "name": "kafka-nodejs-getnews",
  "version": "1.0.0",
  "lockfileVersion": 2,
  "requires": true,
  "packages": {
    "": {
      "name": "kafka-nodejs-getnews",
      "version": "1.0.0",
      "license": "ISC",
      "dependencies": {
        "dotenv": "^10.0.0",
        "kafkajs": "^1.16.0",
        "newsapi": "^2.4.1"
      }
    },
    "node_modules/core-js": {
      "version": "3.19.1",
      "resolved": "https://registry.npmjs.org/core-js/-/core-js-3.19.1.tgz",
      "integrity": "sha512-Tnc7E9iKd/b/ff7GFbhwPVzJzPztGrChB8X8GLqoYGdEOG8IpLnK1xPyo3ZoO3HsK6TodJS58VGPOxA+hLHQMg==",
      "hasInstallScript": true,
      "funding": {
        "type": "opencollective",
        "url": "https://opencollective.com/core-js"
      }
    },
    "node_modules/dotenv": {
      "version": "10.0.0",
      "resolved": "https://registry.npmjs.org/dotenv/-/dotenv-10.0.0.tgz",
      "integrity": "sha512-rlBi9d8jpv9Sf1klPjNfFAuWDjKLwTIJJ/VxtoTwIR6hnZxcEOQCZg2oIL3MWBYw5GpUDKOEnND7LXTbIpQ03Q==",
      "engines": {
        "node": ">=10"
      }
    },
    "node_modules/kafkajs": {
      "version": "1.16.0",
      "resolved": "https://registry.npmjs.org/kafkajs/-/kafkajs-1.16.0.tgz",
      "integrity": "sha512-+Rcfu2hyQ/jv5skqRY8xA7Ra+mmRkDAzCaLDYbkGtgsNKpzxPWiLbk8ub0dgr4EbWrN1Zb4BCXHUkD6+zYfdWg==",
      "engines": {
        "node": ">=10.13.0"
      }
    },
    "node_modules/newsapi": {
      "version": "2.4.1",
      "resolved": "https://registry.npmjs.org/newsapi/-/newsapi-2.4.1.tgz",
      "integrity": "sha512-yw/aZBgDwNbNMqQ1V7XFKdW2jvL8Fh4qMiU0Awin87Rt6lbPnS8OuiLaL15Ws5X82/EXhzNf/djAlPHOWVgMJg==",
      "dependencies": {
        "core-js": "^3.6.5",
        "node-fetch": "^2.6.0"
      }
    },
    "node_modules/node-fetch": {
      "version": "2.6.7",
      "resolved": "https://registry.npmjs.org/node-fetch/-/node-fetch-2.6.7.tgz",
      "integrity": "sha512-ZjMPFEfVx5j+y2yF35Kzx5sF7kDzxuDj6ziH4FFbOp87zKDZNx8yExJIb05OGF4Nlt9IHFIMBkRl41VdvcNdbQ==",
      "dependencies": {
        "whatwg-url": "^5.0.0"
      },
      "engines": {
        "node": "4.x || >=6.0.0"
      },
      "peerDependencies": {
        "encoding": "^0.1.0"
      },
      "peerDependenciesMeta": {
        "encoding": {
          "optional": true
        }
      }
    },
    "node_modules/tr46": {
      "version": "0.0.3",
      "resolved": "https://registry.npmjs.org/tr46/-/tr46-0.0.3.tgz",
      "integrity": "sha1-gYT9NH2snNwYWZLzpmIuFLnZq2o="
    },
    "node_modules/webidl-conversions": {
      "version": "3.0.1",
      "resolved": "https://registry.npmjs.org/webidl-conversions/-/webidl-conversions-3.0.1.tgz",
      "integrity": "sha1-JFNCdeKnvGvnvIZhHMFq4KVlSHE="
    },
    "node_modules/whatwg-url": {
      "version": "5.0.0",
      "resolved": "https://registry.npmjs.org/whatwg-url/-/whatwg-url-5.0.0.tgz",
      "integrity": "sha1-lmRU6HZUYuN2RNNib2dCzotwll0=",
      "dependencies": {
        "tr46": "~0.0.3",
        "webidl-conversions": "^3.0.0"
      }
    }
  },
  "dependencies": {
    "core-js": {
      "version": "3.19.1",
      "resolved": "https://registry.npmjs.org/core-js/-/core-js-3.19.1.tgz",
      "integrity": "sha512-Tnc7E9iKd/b/ff7GFbhwPVzJzPztGrChB8X8GLqoYGdEOG8IpLnK1xPyo3ZoO3HsK6TodJS58VGPOxA+hLHQMg=="
    },
    "dotenv": {
      "version": "10.0.0",
      "resolved": "https://registry.npmjs.org/dotenv/-/dotenv-10.0.0.tgz",
      "integrity": "sha512-rlBi9d8jpv9Sf1klPjNfFAuWDjKLwTIJJ/VxtoTwIR6hnZxcEOQCZg2oIL3MWBYw5GpUDKOEnND7LXTbIpQ03Q=="
    },
    "kafkajs": {
      "version": "1.16.0",
      "resolved": "https://registry.npmjs.org/kafkajs/-/kafkajs-1.16.0.tgz",
      "integrity": "sha512-+Rcfu2hyQ/jv5skqRY8xA7Ra+mmRkDAzCaLDYbkGtgsNKpzxPWiLbk8ub0dgr4EbWrN1Zb4BCXHUkD6+zYfdWg=="
    },
    "newsapi": {
      "version": "2.4.1",
      "resolved": "https://registry.npmjs.org/newsapi/-/newsapi-2.4.1.tgz",
      "integrity": "sha512-yw/aZBgDwNbNMqQ1V7XFKdW2jvL8Fh4qMiU0Awin87Rt6lbPnS8OuiLaL15Ws5X82/EXhzNf/djAlPHOWVgMJg==",
      "requires": {
        "core-js": "^3.6.5",
        "node-fetch": "^2.6.0"
      }
    },
    "node-fetch": {
      "version": "2.6.7",
      "resolved": "https://registry.npmjs.org/node-fetch/-/node-fetch-2.6.7.tgz",
      "integrity": "sha512-ZjMPFEfVx5j+y2yF35Kzx5sF7kDzxuDj6ziH4FFbOp87zKDZNx8yExJIb05OGF4Nlt9IHFIMBkRl41VdvcNdbQ==",
      "requires": {
        "whatwg-url": "^5.0.0"
      }
    },
    "tr46": {
      "version": "0.0.3",
      "resolved": "https://registry.npmjs.org/tr46/-/tr46-0.0.3.tgz",
      "integrity": "sha1-gYT9NH2snNwYWZLzpmIuFLnZq2o="
    },
    "webidl-conversions": {
      "version": "3.0.1",
      "resolved": "https://registry.npmjs.org/webidl-conversions/-/webidl-conversions-3.0.1.tgz",
      "integrity": "sha1-JFNCdeKnvGvnvIZhHMFq4KVlSHE="
    },
    "whatwg-url": {
      "version": "5.0.0",
      "resolved": "https://registry.npmjs.org/whatwg-url/-/whatwg-url-5.0.0.tgz",
      "integrity": "sha1-lmRU6HZUYuN2RNNib2dCzotwll0=",
      "requires": {
        "tr46": "~0.0.3",
        "webidl-conversions": "^3.0.0"
      }
    }
  }
}
